# THIS IS AN AUTOGENERATED FILE. DO NOT EDIT THIS FILE DIRECTLY.
# yarn lockfile v1


vuex-module-decorators@^1.0.1:
  version "1.0.1"
  resolved "https://registry.yarnpkg.com/vuex-module-decorators/-/vuex-module-decorators-1.0.1.tgz#d34dafb5428a3636f1c26d3d014c15fc9659ccd0"
  integrity sha512-FLWZsXV5XAtl/bcKUyQFpnSBtpc3wK/7zSdy9oKbyp71mZd4ut5y2zSd219wWW9OG7WUOlVwac4rXFFDVnq7ug==

vuex@^3.6.2:
  version "3.6.2"
  resolved "https://registry.yarnpkg.com/vuex/-/vuex-3.6.2.tgz#236bc086a870c3ae79946f107f16de59d5895e71"
  integrity sha512-ETW44IqCgBpVomy520DT5jf8n0zoCac+sxWnn+hMe/CzaSejb/eVw2YToiXYX+Ex/AuHHia28vWTq4goAexFbw==
