{
  "name": "sushi-chat-front",
  "version": "1.0.0",
  "lockfileVersion": 1,
  "requires": true,
  "dependencies": {
    "core-js": {
      "version": "3.16.1"
    },
    "party-js": {
      "version": "2.0.1",
      "resolved": "https://registry.npmjs.org/party-js/-/party-js-2.0.1.tgz",
      "integrity": "sha512-EUb3F/2JoFfMTZncr0HeFfPnsK4VFmTMUUThk7IpG4Byb32Rxoyfj7NN8Zab3yqOp+y3ZWBW/T5YzZ/PCfJVRQ=="
    }
  }
}
